# THIS IS AN AUTOGENERATED FILE. DO NOT EDIT THIS FILE DIRECTLY.
# yarn lockfile v1


asynckit@^0.4.0:
  version "0.4.0"
  resolved "https://registry.yarnpkg.com/asynckit/-/asynckit-0.4.0.tgz#c79ed97f7f34cb8f2ba1bc9790bcc366474b4b79"
  integrity sha512-Oei9OH4tRh0YqU3GxhX79dM/mwVgvbZJaSNaRk+bshkj0S5cfHcgYakreBjrHwatXKbz+IoIdYLxrKim2MjW0Q==

atomic-sleep@^1.0.0:
  version "1.0.0"
  resolved "https://registry.yarnpkg.com/atomic-sleep/-/atomic-sleep-1.0.0.tgz#eb85b77a601fc932cfe432c5acd364a9e2c9075b"
  integrity sha512-kNOjDqAh7px0XWNI+4QbzoiR/nTkHAWNud2uvnJquD1/x5a7EQZMJT0AczqK0Qn67oY/TTQ1LbUKajZpp3I9tQ==

axios@^1.7.4:
  version "1.7.4"
  resolved "https://registry.yarnpkg.com/axios/-/axios-1.7.4.tgz#4c8ded1b43683c8dd362973c393f3ede24052aa2"
  integrity sha512-DukmaFRnY6AzAALSH4J2M3k6PkaC+MfaAGdEERRWcC9q3/TWQwLpHR8ZRLKTdQ3aBDL64EdluRDjJqKw+BPZEw==
  dependencies:
    follow-redirects "^1.15.6"
    form-data "^4.0.0"
    proxy-from-env "^1.1.0"

combined-stream@^1.0.8:
  version "1.0.8"
  resolved "https://registry.yarnpkg.com/combined-stream/-/combined-stream-1.0.8.tgz#c3d45a8b34fd730631a110a8a2520682b31d5a7f"
  integrity sha512-FQN4MRfuJeHf7cBbBMJFXhKSDq+2kAArBlmRBvcvFE5BB1HZKXtSFASDhdlz9zOYwxh8lDdnvmMOe/+5cdoEdg==
  dependencies:
    delayed-stream "~1.0.0"

delayed-stream@~1.0.0:
  version "1.0.0"
  resolved "https://registry.yarnpkg.com/delayed-stream/-/delayed-stream-1.0.0.tgz#df3ae199acadfb7d440aaae0b29e2272b24ec619"
  integrity sha512-ZySD7Nf91aLB0RxL4KGrKHBXl7Eds1DAmEdcoVawXnLD7SDhpNgtuII2aAkg7a7QS41jxPSZ17p4VdGnMHk3MQ==

dotenv@^10.0.0:
  version "10.0.0"
  resolved "https://registry.yarnpkg.com/dotenv/-/dotenv-10.0.0.tgz#3d4227b8fb95f81096cdd2b66653fb2c7085ba81"
  integrity sha512-rlBi9d8jpv9Sf1klPjNfFAuWDjKLwTIJJ/VxtoTwIR6hnZxcEOQCZg2oIL3MWBYw5GpUDKOEnND7LXTbIpQ03Q==

duplexify@^4.1.2:
  version "4.1.3"
  resolved "https://registry.yarnpkg.com/duplexify/-/duplexify-4.1.3.tgz#a07e1c0d0a2c001158563d32592ba58bddb0236f"
  integrity sha512-M3BmBhwJRZsSx38lZyhE53Csddgzl5R7xGJNk7CVddZD6CcmwMCH8J+7AprIrQKH7TonKxaCjcv27Qmf+sQ+oA==
  dependencies:
    end-of-stream "^1.4.1"
    inherits "^2.0.3"
    readable-stream "^3.1.1"
    stream-shift "^1.0.2"

end-of-stream@^1.4.1:
  version "1.4.4"
  resolved "https://registry.yarnpkg.com/end-of-stream/-/end-of-stream-1.4.4.tgz#5ae64a5f45057baf3626ec14da0ca5e4b2431eb0"
  integrity sha512-+uw1inIHVPQoaVuHzRyXd21icM+cnt4CzD5rW+NC1wjOUSTOs+Te7FOv7AhN7vS9x/oIyhLP5PR1H+phQAHu5Q==
  dependencies:
    once "^1.4.0"

fast-redact@^3.0.0:
  version "3.5.0"
  resolved "https://registry.yarnpkg.com/fast-redact/-/fast-redact-3.5.0.tgz#e9ea02f7e57d0cd8438180083e93077e496285e4"
  integrity sha512-dwsoQlS7h9hMeYUq1W++23NDcBLV4KqONnITDV9DjfS3q1SgDGVrBdvvTLUotWtPSD7asWDV9/CmsZPy8Hf70A==

fast-xml-parser@^3.18.0:
  version "3.21.1"
  resolved "https://registry.yarnpkg.com/fast-xml-parser/-/fast-xml-parser-3.21.1.tgz#152a1d51d445380f7046b304672dd55d15c9e736"
  integrity sha512-FTFVjYoBOZTJekiUsawGsSYV9QL0A+zDYCRj7y34IO6Jg+2IMYEtQa+bbictpdpV8dHxXywqU7C0gRDEOFtBFg==
  dependencies:
    strnum "^1.0.4"

follow-redirects@^1.15.6:
  version "1.15.6"
  resolved "https://registry.yarnpkg.com/follow-redirects/-/follow-redirects-1.15.6.tgz#7f815c0cda4249c74ff09e95ef97c23b5fd0399b"
  integrity sha512-wWN62YITEaOpSK584EZXJafH1AGpO8RVgElfkuXbTOrPX4fIfOyEpW/CsiNd8JdYrAoOvafRTOEnvsO++qCqFA==

form-data@^4.0.0:
  version "4.0.0"
  resolved "https://registry.yarnpkg.com/form-data/-/form-data-4.0.0.tgz#93919daeaf361ee529584b9b31664dc12c9fa452"
  integrity sha512-ETEklSGi5t0QMZuiXoA/Q6vcnxcLQP5vdugSpuAyi6SVGi2clPPp+xgEhuMaHC+zGgn31Kd235W35f7Hykkaww==
  dependencies:
    asynckit "^0.4.0"
    combined-stream "^1.0.8"
    mime-types "^2.1.12"

he@^1.2.0:
  version "1.2.0"
  resolved "https://registry.yarnpkg.com/he/-/he-1.2.0.tgz#84ae65fa7eafb165fddb61566ae14baf05664f0f"
  integrity sha512-F/1DnUGPopORZi0ni+CvrCgHQ5FyEAHRLSApuYWMmrbSwoN2Mn/7k+Gl38gJnR7yyDZk6WLXwiGod1JOWNDKGw==

inherits@^2.0.3:
  version "2.0.4"
  resolved "https://registry.yarnpkg.com/inherits/-/inherits-2.0.4.tgz#0fa2c64f932917c3433a0ded55363aae37416b7c"
  integrity sha512-k/vGaX4/Yla3WzyMCvTQOXYeIHvqOKtnqBduzTHpzpQZzAskKMhZ2K+EnBiSM9zGSoIFeMpXKxa4dYeZIQqewQ==

mime-db@1.52.0:
  version "1.52.0"
  resolved "https://registry.yarnpkg.com/mime-db/-/mime-db-1.52.0.tgz#bbabcdc02859f4987301c856e3387ce5ec43bf70"
  integrity sha512-sPU4uV7dYlvtWJxwwxHD0PuihVNiE7TyAbQ5SWxDCB9mUYvOgroQOwYQQOKPJ8CIbE+1ETVlOoK1UC2nU3gYvg==

mime-types@^2.1.12:
  version "2.1.35"
  resolved "https://registry.yarnpkg.com/mime-types/-/mime-types-2.1.35.tgz#381a871b62a734450660ae3deee44813f70d959a"
  integrity sha512-ZDY+bPm5zTTF+YpCrAU9nK0UgICYPT0QtT1NZWFv4s++TNkcgVaT0g6+4R2uI4MjQjzysHB1zxuWL50hzaeXiw==
  dependencies:
    mime-db "1.52.0"

node-fetch@^2.6.1:
  version "2.7.0"
  resolved "https://registry.yarnpkg.com/node-fetch/-/node-fetch-2.7.0.tgz#d0f0fa6e3e2dc1d27efcd8ad99d550bda94d187d"
  integrity sha512-c4FRfUm/dbcWZ7U+1Wq0AwCyFL+3nt2bEw05wfxSz+DWpWsitgmSgYmy2dQdWyKC1694ELPqMs/YzUSNozLt8A==
  dependencies:
    whatwg-url "^5.0.0"

on-exit-leak-free@^0.2.0:
  version "0.2.0"
  resolved "https://registry.yarnpkg.com/on-exit-leak-free/-/on-exit-leak-free-0.2.0.tgz#b39c9e3bf7690d890f4861558b0d7b90a442d209"
  integrity sha512-dqaz3u44QbRXQooZLTUKU41ZrzYrcvLISVgbrzbyCMxpmSLJvZ3ZamIJIZ29P6OhZIkNIQKosdeM6t1LYbA9hg==

once@^1.4.0:
  version "1.4.0"
  resolved "https://registry.yarnpkg.com/once/-/once-1.4.0.tgz#583b1aa775961d4b113ac17d9c50baef9dd76bd1"
  integrity sha512-lNaJgI+2Q5URQBkccEKHTQOPaXdUxnZZElQTZY0MFUAuaEqe1E+Nyvgdz/aIyNi6Z9MzO5dv1H8n58/GELp3+w==
  dependencies:
    wrappy "1"

pino-abstract-transport@v0.5.0:
  version "0.5.0"
  resolved "https://registry.yarnpkg.com/pino-abstract-transport/-/pino-abstract-transport-0.5.0.tgz#4b54348d8f73713bfd14e3dc44228739aa13d9c0"
  integrity sha512-+KAgmVeqXYbTtU2FScx1XS3kNyfZ5TrXY07V96QnUSFqo2gAqlvmaxH67Lj7SWazqsMabf+58ctdTcBgnOLUOQ==
  dependencies:
    duplexify "^4.1.2"
    split2 "^4.0.0"

pino-std-serializers@^4.0.0:
  version "4.0.0"
  resolved "https://registry.yarnpkg.com/pino-std-serializers/-/pino-std-serializers-4.0.0.tgz#1791ccd2539c091ae49ce9993205e2cd5dbba1e2"
  integrity sha512-cK0pekc1Kjy5w9V2/n+8MkZwusa6EyyxfeQCB799CQRhRt/CqYKiWs5adeu8Shve2ZNffvfC/7J64A2PJo1W/Q==

pino@^7.0.5:
  version "7.11.0"
  resolved "https://registry.yarnpkg.com/pino/-/pino-7.11.0.tgz#0f0ea5c4683dc91388081d44bff10c83125066f6"
  integrity sha512-dMACeu63HtRLmCG8VKdy4cShCPKaYDR4youZqoSWLxl5Gu99HUw8bw75thbPv9Nip+H+QYX8o3ZJbTdVZZ2TVg==
  dependencies:
    atomic-sleep "^1.0.0"
    fast-redact "^3.0.0"
    on-exit-leak-free "^0.2.0"
    pino-abstract-transport v0.5.0
    pino-std-serializers "^4.0.0"
    process-warning "^1.0.0"
    quick-format-unescaped "^4.0.3"
    real-require "^0.1.0"
    safe-stable-stringify "^2.1.0"
    sonic-boom "^2.2.1"
    thread-stream "^0.15.1"

podcast-partytime@^4.8.0:
  version "4.8.0"
  resolved "https://registry.yarnpkg.com/podcast-partytime/-/podcast-partytime-4.8.0.tgz#e8451190045c74df519b339b54c909cd076431a9"
  integrity sha512-FTkUVEdHrUoLfbqASoferNWY7Tfm4aD2sqt4oAu4vSAgTX4vyusgQlCqJ9v50gQdxsCoCKRXKA82hdLWrkoWAA==
  dependencies:
    dotenv "^10.0.0"
    fast-xml-parser "^3.18.0"
    he "^1.2.0"
    node-fetch "^2.6.1"
    pino "^7.0.5"
    ramda "^0.27.1"
    tiny-invariant "^1.2.0"

process-warning@^1.0.0:
  version "1.0.0"
  resolved "https://registry.yarnpkg.com/process-warning/-/process-warning-1.0.0.tgz#980a0b25dc38cd6034181be4b7726d89066b4616"
  integrity sha512-du4wfLyj4yCZq1VupnVSZmRsPJsNuxoDQFdCFHLaYiEbFBD7QE0a+I4D7hOxrVnh78QE/YipFAj9lXHiXocV+Q==

proxy-from-env@^1.1.0:
  version "1.1.0"
  resolved "https://registry.yarnpkg.com/proxy-from-env/-/proxy-from-env-1.1.0.tgz#e102f16ca355424865755d2c9e8ea4f24d58c3e2"
  integrity sha512-D+zkORCbA9f1tdWRK0RaCR3GPv50cMxcrz4X8k5LTSUD1Dkw47mKJEZQNunItRTkWwgtaUSo1RVFRIG9ZXiFYg==

quick-format-unescaped@^4.0.3:
  version "4.0.4"
  resolved "https://registry.yarnpkg.com/quick-format-unescaped/-/quick-format-unescaped-4.0.4.tgz#93ef6dd8d3453cbc7970dd614fad4c5954d6b5a7"
  integrity sha512-tYC1Q1hgyRuHgloV/YXs2w15unPVh8qfu/qCTfhTYamaw7fyhumKa2yGpdSo87vY32rIclj+4fWYQXUMs9EHvg==

ramda@^0.27.1:
  version "0.27.2"
  resolved "https://registry.yarnpkg.com/ramda/-/ramda-0.27.2.tgz#84463226f7f36dc33592f6f4ed6374c48306c3f1"
  integrity sha512-SbiLPU40JuJniHexQSAgad32hfwd+DRUdwF2PlVuI5RZD0/vahUco7R8vD86J/tcEKKF9vZrUVwgtmGCqlCKyA==

readable-stream@^3.1.1:
  version "3.6.2"
  resolved "https://registry.yarnpkg.com/readable-stream/-/readable-stream-3.6.2.tgz#56a9b36ea965c00c5a93ef31eb111a0f11056967"
  integrity sha512-9u/sniCrY3D5WdsERHzHE4G2YCXqoG5FTHUiCC4SIbr6XcLZBY05ya9EKjYek9O5xOAwjGq+1JdGBAS7Q9ScoA==
  dependencies:
    inherits "^2.0.3"
    string_decoder "^1.1.1"
    util-deprecate "^1.0.1"

real-require@^0.1.0:
  version "0.1.0"
  resolved "https://registry.yarnpkg.com/real-require/-/real-require-0.1.0.tgz#736ac214caa20632847b7ca8c1056a0767df9381"
  integrity sha512-r/H9MzAWtrv8aSVjPCMFpDMl5q66GqtmmRkRjpHTsp4zBAa+snZyiQNlMONiUmEJcsnaw0wCauJ2GWODr/aFkg==

safe-buffer@~5.2.0:
  version "5.2.1"
  resolved "https://registry.yarnpkg.com/safe-buffer/-/safe-buffer-5.2.1.tgz#1eaf9fa9bdb1fdd4ec75f58f9cdb4e6b7827eec6"
  integrity sha512-rp3So07KcdmmKbGvgaNxQSJr7bGVSVk5S9Eq1F+ppbRo70+YeaDxkw5Dd8NPN+GD6bjnYm2VuPuCXmpuYvmCXQ==

safe-stable-stringify@^2.1.0:
  version "2.4.3"
  resolved "https://registry.yarnpkg.com/safe-stable-stringify/-/safe-stable-stringify-2.4.3.tgz#138c84b6f6edb3db5f8ef3ef7115b8f55ccbf886"
  integrity sha512-e2bDA2WJT0wxseVd4lsDP4+3ONX6HpMXQa1ZhFQ7SU+GjvORCmShbCMltrtIDfkYhVHrOcPtj+KhmDBdPdZD1g==

sonic-boom@^2.2.1:
  version "2.8.0"
  resolved "https://registry.yarnpkg.com/sonic-boom/-/sonic-boom-2.8.0.tgz#c1def62a77425090e6ad7516aad8eb402e047611"
  integrity sha512-kuonw1YOYYNOve5iHdSahXPOK49GqwA+LZhI6Wz/l0rP57iKyXXIHaRagOBHAPmGwJC6od2Z9zgvZ5loSgMlVg==
  dependencies:
    atomic-sleep "^1.0.0"

split2@^4.0.0:
  version "4.2.0"
  resolved "https://registry.yarnpkg.com/split2/-/split2-4.2.0.tgz#c9c5920904d148bab0b9f67145f245a86aadbfa4"
  integrity sha512-UcjcJOWknrNkF6PLX83qcHM6KHgVKNkV62Y8a5uYDVv9ydGQVwAHMKqHdJje1VTWpljG0WYpCDhrCdAOYH4TWg==

stream-shift@^1.0.2:
  version "1.0.3"
  resolved "https://registry.yarnpkg.com/stream-shift/-/stream-shift-1.0.3.tgz#85b8fab4d71010fc3ba8772e8046cc49b8a3864b"
  integrity sha512-76ORR0DO1o1hlKwTbi/DM3EXWGf3ZJYO8cXX5RJwnul2DEg2oyoZyjLNoQM8WsvZiFKCRfC1O0J7iCvie3RZmQ==

string_decoder@^1.1.1:
  version "1.3.0"
  resolved "https://registry.yarnpkg.com/string_decoder/-/string_decoder-1.3.0.tgz#42f114594a46cf1a8e30b0a84f56c78c3edac21e"
  integrity sha512-hkRX8U1WjJFd8LsDJ2yQ/wWWxaopEsABU1XfkM8A+j0+85JAGppt16cr1Whg6KIbb4okU6Mql6BOj+uup/wKeA==
  dependencies:
    safe-buffer "~5.2.0"

strnum@^1.0.4:
  version "1.0.5"
  resolved "https://registry.yarnpkg.com/strnum/-/strnum-1.0.5.tgz#5c4e829fe15ad4ff0d20c3db5ac97b73c9b072db"
  integrity sha512-J8bbNyKKXl5qYcR36TIO8W3mVGVHrmmxsd5PAItGkmyzwJvybiw2IVq5nqd0i4LSNSkB/sx9VHllbfFdr9k1JA==

thread-stream@^0.15.1:
  version "0.15.2"
  resolved "https://registry.yarnpkg.com/thread-stream/-/thread-stream-0.15.2.tgz#fb95ad87d2f1e28f07116eb23d85aba3bc0425f4"
  integrity sha512-UkEhKIg2pD+fjkHQKyJO3yoIvAP3N6RlNFt2dUhcS1FGvCD1cQa1M/PGknCLFIyZdtJOWQjejp7bdNqmN7zwdA==
  dependencies:
    real-require "^0.1.0"

tiny-invariant@^1.2.0:
  version "1.3.3"
  resolved "https://registry.yarnpkg.com/tiny-invariant/-/tiny-invariant-1.3.3.tgz#46680b7a873a0d5d10005995eb90a70d74d60127"
  integrity sha512-+FbBPE1o9QAYvviau/qC5SE3caw21q3xkvWKBtja5vgqOWIHHJ3ioaq1VPfn/Szqctz2bU/oYeKd9/z5BL+PVg==

tr46@~0.0.3:
  version "0.0.3"
  resolved "https://registry.yarnpkg.com/tr46/-/tr46-0.0.3.tgz#8184fd347dac9cdc185992f3a6622e14b9d9ab6a"
  integrity sha512-N3WMsuqV66lT30CrXNbEjx4GEwlow3v6rr4mCcv6prnfwhS01rkgyFdjPNBYd9br7LpXV1+Emh01fHnq2Gdgrw==

util-deprecate@^1.0.1:
  version "1.0.2"
  resolved "https://registry.yarnpkg.com/util-deprecate/-/util-deprecate-1.0.2.tgz#450d4dc9fa70de732762fbd2d4a28981419a0ccf"
  integrity sha512-EPD5q1uXyFxJpCrLnCc1nHnq3gOa6DZBocAIiI2TaSCA7VCJ1UJDMagCzIkXNsUYfD1daK//LTEQ8xiIbrHtcw==

webidl-conversions@^3.0.0:
  version "3.0.1"
  resolved "https://registry.yarnpkg.com/webidl-conversions/-/webidl-conversions-3.0.1.tgz#24534275e2a7bc6be7bc86611cc16ae0a5654871"
  integrity sha512-2JAn3z8AR6rjK8Sm8orRC0h/bcl/DqL7tRPdGZ4I1CjdF+EaMLmYxBHyXuKL849eucPFhvBoxMsflfOb8kxaeQ==

whatwg-url@^5.0.0:
  version "5.0.0"
  resolved "https://registry.yarnpkg.com/whatwg-url/-/whatwg-url-5.0.0.tgz#966454e8765462e37644d3626f6742ce8b70965d"
  integrity sha512-saE57nupxk6v3HY35+jzBwYa0rKSy0XR8JSxZPwgLr7ys0IBzhGviA1/TUGJLmSVqs8pb9AnvICXEuOHLprYTw==
  dependencies:
    tr46 "~0.0.3"
    webidl-conversions "^3.0.0"

wrappy@1:
  version "1.0.2"
  resolved "https://registry.yarnpkg.com/wrappy/-/wrappy-1.0.2.tgz#b5243d8f3ec1aa35f1364605bc0d1036e30ab69f"
  integrity sha512-l4Sp/DRseor9wL6EvV2+TuQn63dMkPjZ/sp9XkghTEbV9KlPS1xUsZ3u7/IQO4wxtcFB4bgpQPRcR3QCvezPcQ==
